// !$*UTF8*$!
{
	archiveVersion = 1;
	classes = {
	};
	objectVersion = 55;
	objects = {

/* Begin PBXBuildFile section */
		C46493D127FC50B100CB389A /* APIServiceTest.swift in Sources */ = {isa = PBXBuildFile; fileRef = C46493D027FC50B100CB389A /* APIServiceTest.swift */; };
		C4676FA527FDC22F006EC0A7 /* CommonTest.swift in Sources */ = {isa = PBXBuildFile; fileRef = C4676FA427FDC22F006EC0A7 /* CommonTest.swift */; };
		C4676FA727FDC2EF006EC0A7 /* ImageCellTest.swift in Sources */ = {isa = PBXBuildFile; fileRef = C4676FA627FDC2EF006EC0A7 /* ImageCellTest.swift */; };
		C4676FA927FDC6FD006EC0A7 /* ImageListViewModelTest.swift in Sources */ = {isa = PBXBuildFile; fileRef = C4676FA827FDC6FD006EC0A7 /* ImageListViewModelTest.swift */; };
		C4A16A2627F9BBA3000737AC /* AppDelegate.swift in Sources */ = {isa = PBXBuildFile; fileRef = C4A16A2527F9BBA3000737AC /* AppDelegate.swift */; };
		C4A16A2A27F9BBA3000737AC /* ViewController.swift in Sources */ = {isa = PBXBuildFile; fileRef = C4A16A2927F9BBA3000737AC /* ViewController.swift */; };
		C4A16A2D27F9BBA3000737AC /* Main.storyboard in Resources */ = {isa = PBXBuildFile; fileRef = C4A16A2B27F9BBA3000737AC /* Main.storyboard */; };
		C4A16A2F27F9BBA4000737AC /* Assets.xcassets in Resources */ = {isa = PBXBuildFile; fileRef = C4A16A2E27F9BBA4000737AC /* Assets.xcassets */; };
		C4A16A3227F9BBA4000737AC /* LaunchScreen.storyboard in Resources */ = {isa = PBXBuildFile; fileRef = C4A16A3027F9BBA4000737AC /* LaunchScreen.storyboard */; };
		C4A16A3D27F9BBA5000737AC /* ViewControllerTests.swift in Sources */ = {isa = PBXBuildFile; fileRef = C4A16A3C27F9BBA5000737AC /* ViewControllerTests.swift */; };
		C4A16A5B27F9BFB2000737AC /* ImageListCell.swift in Sources */ = {isa = PBXBuildFile; fileRef = C4A16A5A27F9BFB2000737AC /* ImageListCell.swift */; };
		C4A16A5D27F9C369000737AC /* DataModel.swift in Sources */ = {isa = PBXBuildFile; fileRef = C4A16A5C27F9C369000737AC /* DataModel.swift */; };
		C4A16A5F27F9C3A1000737AC /* Constants.swift in Sources */ = {isa = PBXBuildFile; fileRef = C4A16A5E27F9C3A1000737AC /* Constants.swift */; };
		C4A16A6127F9C3B2000737AC /* ImageListViewModel.swift in Sources */ = {isa = PBXBuildFile; fileRef = C4A16A6027F9C3B2000737AC /* ImageListViewModel.swift */; };
		C4A16A6327F9C3C1000737AC /* APIService.swift in Sources */ = {isa = PBXBuildFile; fileRef = C4A16A6227F9C3C1000737AC /* APIService.swift */; };
		C4A16A6527F9C4AC000737AC /* Connectivity.swift in Sources */ = {isa = PBXBuildFile; fileRef = C4A16A6427F9C4AC000737AC /* Connectivity.swift */; };
		C4E5A95827FC5770001D3E00 /* Common.swift in Sources */ = {isa = PBXBuildFile; fileRef = C4E5A95727FC5770001D3E00 /* Common.swift */; };
		CBF5FEEA1F537C4E6C6C6215 /* Pods_ImageListView.framework in Frameworks */ = {isa = PBXBuildFile; fileRef = B2DCD3A6170F0683EFAE31E4 /* Pods_ImageListView.framework */; };
		E4BF8B84CCEDCD948D47261C /* Pods_ImageListViewTests.framework in Frameworks */ = {isa = PBXBuildFile; fileRef = F5D5665E9702A04B75C780FB /* Pods_ImageListViewTests.framework */; };
/* End PBXBuildFile section */

/* Begin PBXContainerItemProxy section */
		C4A16A3927F9BBA5000737AC /* PBXContainerItemProxy */ = {
			isa = PBXContainerItemProxy;
			containerPortal = C4A16A1A27F9BBA3000737AC /* Project object */;
			proxyType = 1;
			remoteGlobalIDString = C4A16A2127F9BBA3000737AC;
			remoteInfo = ImageListView;
		};
/* End PBXContainerItemProxy section */

/* Begin PBXFileReference section */
		13555B71E9F86DC922F66A39 /* Pods-ImageListViewTests.release.xcconfig */ = {isa = PBXFileReference; includeInIndex = 1; lastKnownFileType = text.xcconfig; name = "Pods-ImageListViewTests.release.xcconfig"; path = "Target Support Files/Pods-ImageListViewTests/Pods-ImageListViewTests.release.xcconfig"; sourceTree = "<group>"; };
		54D36E5571E5141ECB712F9A /* Pods-ImageListView.release.xcconfig */ = {isa = PBXFileReference; includeInIndex = 1; lastKnownFileType = text.xcconfig; name = "Pods-ImageListView.release.xcconfig"; path = "Target Support Files/Pods-ImageListView/Pods-ImageListView.release.xcconfig"; sourceTree = "<group>"; };
		ACAF7C7FC145CFFA9D43C317 /* Pods_ImageListView_ImageListViewUITests.framework */ = {isa = PBXFileReference; explicitFileType = wrapper.framework; includeInIndex = 0; path = Pods_ImageListView_ImageListViewUITests.framework; sourceTree = BUILT_PRODUCTS_DIR; };
		B2DCD3A6170F0683EFAE31E4 /* Pods_ImageListView.framework */ = {isa = PBXFileReference; explicitFileType = wrapper.framework; includeInIndex = 0; path = Pods_ImageListView.framework; sourceTree = BUILT_PRODUCTS_DIR; };
		B59C6C72310E6A4C3C687518 /* Pods-ImageListView-ImageListViewUITests.release.xcconfig */ = {isa = PBXFileReference; includeInIndex = 1; lastKnownFileType = text.xcconfig; name = "Pods-ImageListView-ImageListViewUITests.release.xcconfig"; path = "Target Support Files/Pods-ImageListView-ImageListViewUITests/Pods-ImageListView-ImageListViewUITests.release.xcconfig"; sourceTree = "<group>"; };
		C46493D027FC50B100CB389A /* APIServiceTest.swift */ = {isa = PBXFileReference; lastKnownFileType = sourcecode.swift; path = APIServiceTest.swift; sourceTree = "<group>"; };
		C4676FA427FDC22F006EC0A7 /* CommonTest.swift */ = {isa = PBXFileReference; lastKnownFileType = sourcecode.swift; path = CommonTest.swift; sourceTree = "<group>"; };
		C4676FA627FDC2EF006EC0A7 /* ImageCellTest.swift */ = {isa = PBXFileReference; lastKnownFileType = sourcecode.swift; path = ImageCellTest.swift; sourceTree = "<group>"; };
		C4676FA827FDC6FD006EC0A7 /* ImageListViewModelTest.swift */ = {isa = PBXFileReference; lastKnownFileType = sourcecode.swift; path = ImageListViewModelTest.swift; sourceTree = "<group>"; };
		C4A16A2227F9BBA3000737AC /* ImageListView.app */ = {isa = PBXFileReference; explicitFileType = wrapper.application; includeInIndex = 0; path = ImageListView.app; sourceTree = BUILT_PRODUCTS_DIR; };
		C4A16A2527F9BBA3000737AC /* AppDelegate.swift */ = {isa = PBXFileReference; lastKnownFileType = sourcecode.swift; path = AppDelegate.swift; sourceTree = "<group>"; };
		C4A16A2927F9BBA3000737AC /* ViewController.swift */ = {isa = PBXFileReference; lastKnownFileType = sourcecode.swift; path = ViewController.swift; sourceTree = "<group>"; };
		C4A16A2C27F9BBA3000737AC /* Base */ = {isa = PBXFileReference; lastKnownFileType = file.storyboard; name = Base; path = Base.lproj/Main.storyboard; sourceTree = "<group>"; };
		C4A16A2E27F9BBA4000737AC /* Assets.xcassets */ = {isa = PBXFileReference; lastKnownFileType = folder.assetcatalog; path = Assets.xcassets; sourceTree = "<group>"; };
		C4A16A3127F9BBA4000737AC /* Base */ = {isa = PBXFileReference; lastKnownFileType = file.storyboard; name = Base; path = Base.lproj/LaunchScreen.storyboard; sourceTree = "<group>"; };
		C4A16A3327F9BBA4000737AC /* Info.plist */ = {isa = PBXFileReference; lastKnownFileType = text.plist.xml; path = Info.plist; sourceTree = "<group>"; };
		C4A16A3827F9BBA5000737AC /* ImageListViewTests.xctest */ = {isa = PBXFileReference; explicitFileType = wrapper.cfbundle; includeInIndex = 0; path = ImageListViewTests.xctest; sourceTree = BUILT_PRODUCTS_DIR; };
		C4A16A3C27F9BBA5000737AC /* ViewControllerTests.swift */ = {isa = PBXFileReference; lastKnownFileType = sourcecode.swift; path = ViewControllerTests.swift; sourceTree = "<group>"; };
		C4A16A5A27F9BFB2000737AC /* ImageListCell.swift */ = {isa = PBXFileReference; lastKnownFileType = sourcecode.swift; path = ImageListCell.swift; sourceTree = "<group>"; };
		C4A16A5C27F9C369000737AC /* DataModel.swift */ = {isa = PBXFileReference; lastKnownFileType = sourcecode.swift; path = DataModel.swift; sourceTree = "<group>"; };
		C4A16A5E27F9C3A1000737AC /* Constants.swift */ = {isa = PBXFileReference; lastKnownFileType = sourcecode.swift; path = Constants.swift; sourceTree = "<group>"; };
		C4A16A6027F9C3B2000737AC /* ImageListViewModel.swift */ = {isa = PBXFileReference; lastKnownFileType = sourcecode.swift; path = ImageListViewModel.swift; sourceTree = "<group>"; };
		C4A16A6227F9C3C1000737AC /* APIService.swift */ = {isa = PBXFileReference; lastKnownFileType = sourcecode.swift; path = APIService.swift; sourceTree = "<group>"; };
		C4A16A6427F9C4AC000737AC /* Connectivity.swift */ = {isa = PBXFileReference; lastKnownFileType = sourcecode.swift; path = Connectivity.swift; sourceTree = "<group>"; };
		C4E5A95727FC5770001D3E00 /* Common.swift */ = {isa = PBXFileReference; lastKnownFileType = sourcecode.swift; path = Common.swift; sourceTree = "<group>"; };
		E057F4A3EB8C2A64BD1EFA91 /* Pods-ImageListView.debug.xcconfig */ = {isa = PBXFileReference; includeInIndex = 1; lastKnownFileType = text.xcconfig; name = "Pods-ImageListView.debug.xcconfig"; path = "Target Support Files/Pods-ImageListView/Pods-ImageListView.debug.xcconfig"; sourceTree = "<group>"; };
		EF60E3E8E54CE7524D55294E /* Pods-ImageListViewTests.debug.xcconfig */ = {isa = PBXFileReference; includeInIndex = 1; lastKnownFileType = text.xcconfig; name = "Pods-ImageListViewTests.debug.xcconfig"; path = "Target Support Files/Pods-ImageListViewTests/Pods-ImageListViewTests.debug.xcconfig"; sourceTree = "<group>"; };
		F5D5665E9702A04B75C780FB /* Pods_ImageListViewTests.framework */ = {isa = PBXFileReference; explicitFileType = wrapper.framework; includeInIndex = 0; path = Pods_ImageListViewTests.framework; sourceTree = BUILT_PRODUCTS_DIR; };
		F84B45B2898E3658438E5ACA /* Pods-ImageListView-ImageListViewUITests.debug.xcconfig */ = {isa = PBXFileReference; includeInIndex = 1; lastKnownFileType = text.xcconfig; name = "Pods-ImageListView-ImageListViewUITests.debug.xcconfig"; path = "Target Support Files/Pods-ImageListView-ImageListViewUITests/Pods-ImageListView-ImageListViewUITests.debug.xcconfig"; sourceTree = "<group>"; };
/* End PBXFileReference section */

/* Begin PBXFrameworksBuildPhase section */
		C4A16A1F27F9BBA3000737AC /* Frameworks */ = {
			isa = PBXFrameworksBuildPhase;
			buildActionMask = 2147483647;
			files = (
				CBF5FEEA1F537C4E6C6C6215 /* Pods_ImageListView.framework in Frameworks */,
			);
			runOnlyForDeploymentPostprocessing = 0;
		};
		C4A16A3527F9BBA5000737AC /* Frameworks */ = {
			isa = PBXFrameworksBuildPhase;
			buildActionMask = 2147483647;
			files = (
				E4BF8B84CCEDCD948D47261C /* Pods_ImageListViewTests.framework in Frameworks */,
			);
			runOnlyForDeploymentPostprocessing = 0;
		};
/* End PBXFrameworksBuildPhase section */

/* Begin PBXGroup section */
		048E237E3323A49CFB322EC7 /* Frameworks */ = {
			isa = PBXGroup;
			children = (
				B2DCD3A6170F0683EFAE31E4 /* Pods_ImageListView.framework */,
				ACAF7C7FC145CFFA9D43C317 /* Pods_ImageListView_ImageListViewUITests.framework */,
				F5D5665E9702A04B75C780FB /* Pods_ImageListViewTests.framework */,
			);
			name = Frameworks;
			sourceTree = "<group>";
		};
		86D30AC88E705AA6511EF6AE /* Pods */ = {
			isa = PBXGroup;
			children = (
				E057F4A3EB8C2A64BD1EFA91 /* Pods-ImageListView.debug.xcconfig */,
				54D36E5571E5141ECB712F9A /* Pods-ImageListView.release.xcconfig */,
				F84B45B2898E3658438E5ACA /* Pods-ImageListView-ImageListViewUITests.debug.xcconfig */,
				B59C6C72310E6A4C3C687518 /* Pods-ImageListView-ImageListViewUITests.release.xcconfig */,
				EF60E3E8E54CE7524D55294E /* Pods-ImageListViewTests.debug.xcconfig */,
				13555B71E9F86DC922F66A39 /* Pods-ImageListViewTests.release.xcconfig */,
			);
			path = Pods;
			sourceTree = "<group>";
		};
		C4A16A1927F9BBA3000737AC = {
			isa = PBXGroup;
			children = (
				C4A16A2427F9BBA3000737AC /* ImageListView */,
				C4A16A3B27F9BBA5000737AC /* ImageListViewTests */,
				C4A16A2327F9BBA3000737AC /* Products */,
				86D30AC88E705AA6511EF6AE /* Pods */,
				048E237E3323A49CFB322EC7 /* Frameworks */,
			);
			sourceTree = "<group>";
		};
		C4A16A2327F9BBA3000737AC /* Products */ = {
			isa = PBXGroup;
			children = (
				C4A16A2227F9BBA3000737AC /* ImageListView.app */,
				C4A16A3827F9BBA5000737AC /* ImageListViewTests.xctest */,
			);
			name = Products;
			sourceTree = "<group>";
		};
		C4A16A2427F9BBA3000737AC /* ImageListView */ = {
			isa = PBXGroup;
			children = (
				C4A16A5927F9BECB000737AC /* Utility */,
				C4A16A5727F9BE61000737AC /* ViewModel */,
				C4A16A5827F9BE6D000737AC /* Services */,
				C4A16A5627F9BE57000737AC /* Model */,
				C4A16A5527F9BE4B000737AC /* Controller */,
				C4A16A2527F9BBA3000737AC /* AppDelegate.swift */,
				C4A16A2B27F9BBA3000737AC /* Main.storyboard */,
				C4A16A2E27F9BBA4000737AC /* Assets.xcassets */,
				C4A16A3027F9BBA4000737AC /* LaunchScreen.storyboard */,
				C4A16A3327F9BBA4000737AC /* Info.plist */,
			);
			path = ImageListView;
			sourceTree = "<group>";
		};
		C4A16A3B27F9BBA5000737AC /* ImageListViewTests */ = {
			isa = PBXGroup;
			children = (
				C4A16A3C27F9BBA5000737AC /* ViewControllerTests.swift */,
				C46493D027FC50B100CB389A /* APIServiceTest.swift */,
				C4676FA427FDC22F006EC0A7 /* CommonTest.swift */,
				C4676FA627FDC2EF006EC0A7 /* ImageCellTest.swift */,
				C4676FA827FDC6FD006EC0A7 /* ImageListViewModelTest.swift */,
			);
			path = ImageListViewTests;
			sourceTree = "<group>";
		};
		C4A16A5527F9BE4B000737AC /* Controller */ = {
			isa = PBXGroup;
			children = (
				C4A16A2927F9BBA3000737AC /* ViewController.swift */,
				C4A16A5A27F9BFB2000737AC /* ImageListCell.swift */,
			);
			path = Controller;
			sourceTree = "<group>";
		};
		C4A16A5627F9BE57000737AC /* Model */ = {
			isa = PBXGroup;
			children = (
				C4A16A5C27F9C369000737AC /* DataModel.swift */,
			);
			path = Model;
			sourceTree = "<group>";
		};
		C4A16A5727F9BE61000737AC /* ViewModel */ = {
			isa = PBXGroup;
			children = (
				C4A16A6027F9C3B2000737AC /* ImageListViewModel.swift */,
			);
			path = ViewModel;
			sourceTree = "<group>";
		};
		C4A16A5827F9BE6D000737AC /* Services */ = {
			isa = PBXGroup;
			children = (
				C4A16A6227F9C3C1000737AC /* APIService.swift */,
			);
			path = Services;
			sourceTree = "<group>";
		};
		C4A16A5927F9BECB000737AC /* Utility */ = {
			isa = PBXGroup;
			children = (
				C4A16A5E27F9C3A1000737AC /* Constants.swift */,
				C4A16A6427F9C4AC000737AC /* Connectivity.swift */,
				C4E5A95727FC5770001D3E00 /* Common.swift */,
			);
			path = Utility;
			sourceTree = "<group>";
		};
/* End PBXGroup section */

/* Begin PBXNativeTarget section */
		C4A16A2127F9BBA3000737AC /* ImageListView */ = {
			isa = PBXNativeTarget;
			buildConfigurationList = C4A16A4C27F9BBA5000737AC /* Build configuration list for PBXNativeTarget "ImageListView" */;
			buildPhases = (
				BA3628063494B4C7445D0598 /* [CP] Check Pods Manifest.lock */,
				C4A16A1E27F9BBA3000737AC /* Sources */,
				C4A16A1F27F9BBA3000737AC /* Frameworks */,
				C4A16A2027F9BBA3000737AC /* Resources */,
				78F097EE751256B6593965A6 /* [CP] Embed Pods Frameworks */,
				C44B5AC527FB178100BF4434 /* ShellScript */,
			);
			buildRules = (
			);
			dependencies = (
			);
			name = ImageListView;
			productName = ImageListView;
			productReference = C4A16A2227F9BBA3000737AC /* ImageListView.app */;
			productType = "com.apple.product-type.application";
		};
		C4A16A3727F9BBA5000737AC /* ImageListViewTests */ = {
			isa = PBXNativeTarget;
			buildConfigurationList = C4A16A4F27F9BBA5000737AC /* Build configuration list for PBXNativeTarget "ImageListViewTests" */;
			buildPhases = (
				19C730749849FC9522F8A6E8 /* [CP] Check Pods Manifest.lock */,
				C4A16A3427F9BBA5000737AC /* Sources */,
				C4A16A3527F9BBA5000737AC /* Frameworks */,
				C4A16A3627F9BBA5000737AC /* Resources */,
			);
			buildRules = (
			);
			dependencies = (
				C4A16A3A27F9BBA5000737AC /* PBXTargetDependency */,
			);
			name = ImageListViewTests;
			productName = ImageListViewTests;
			productReference = C4A16A3827F9BBA5000737AC /* ImageListViewTests.xctest */;
			productType = "com.apple.product-type.bundle.unit-test";
		};
/* End PBXNativeTarget section */

/* Begin PBXProject section */
		C4A16A1A27F9BBA3000737AC /* Project object */ = {
			isa = PBXProject;
			attributes = {
				BuildIndependentTargetsInParallel = 1;
				LastSwiftUpdateCheck = 1300;
				LastUpgradeCheck = 1300;
				TargetAttributes = {
					C4A16A2127F9BBA3000737AC = {
						CreatedOnToolsVersion = 13.0;
					};
					C4A16A3727F9BBA5000737AC = {
						CreatedOnToolsVersion = 13.0;
						TestTargetID = C4A16A2127F9BBA3000737AC;
					};
				};
			};
			buildConfigurationList = C4A16A1D27F9BBA3000737AC /* Build configuration list for PBXProject "ImageListView" */;
			compatibilityVersion = "Xcode 13.0";
			developmentRegion = en;
			hasScannedForEncodings = 0;
			knownRegions = (
				en,
				Base,
			);
			mainGroup = C4A16A1927F9BBA3000737AC;
			productRefGroup = C4A16A2327F9BBA3000737AC /* Products */;
			projectDirPath = "";
			projectRoot = "";
			targets = (
				C4A16A2127F9BBA3000737AC /* ImageListView */,
				C4A16A3727F9BBA5000737AC /* ImageListViewTests */,
			);
		};
/* End PBXProject section */

/* Begin PBXResourcesBuildPhase section */
		C4A16A2027F9BBA3000737AC /* Resources */ = {
			isa = PBXResourcesBuildPhase;
			buildActionMask = 2147483647;
			files = (
				C4A16A3227F9BBA4000737AC /* LaunchScreen.storyboard in Resources */,
				C4A16A2F27F9BBA4000737AC /* Assets.xcassets in Resources */,
				C4A16A2D27F9BBA3000737AC /* Main.storyboard in Resources */,
			);
			runOnlyForDeploymentPostprocessing = 0;
		};
		C4A16A3627F9BBA5000737AC /* Resources */ = {
			isa = PBXResourcesBuildPhase;
			buildActionMask = 2147483647;
			files = (
			);
			runOnlyForDeploymentPostprocessing = 0;
		};
/* End PBXResourcesBuildPhase section */

/* Begin PBXShellScriptBuildPhase section */
		19C730749849FC9522F8A6E8 /* [CP] Check Pods Manifest.lock */ = {
			isa = PBXShellScriptBuildPhase;
			buildActionMask = 2147483647;
			files = (
			);
			inputFileListPaths = (
			);
			inputPaths = (
				"${PODS_PODFILE_DIR_PATH}/Podfile.lock",
				"${PODS_ROOT}/Manifest.lock",
			);
			name = "[CP] Check Pods Manifest.lock";
			outputFileListPaths = (
			);
			outputPaths = (
				"$(DERIVED_FILE_DIR)/Pods-ImageListViewTests-checkManifestLockResult.txt",
			);
			runOnlyForDeploymentPostprocessing = 0;
			shellPath = /bin/sh;
			shellScript = "diff \"${PODS_PODFILE_DIR_PATH}/Podfile.lock\" \"${PODS_ROOT}/Manifest.lock\" > /dev/null\nif [ $? != 0 ] ; then\n    # print error to STDERR\n    echo \"error: The sandbox is not in sync with the Podfile.lock. Run 'pod install' or update your CocoaPods installation.\" >&2\n    exit 1\nfi\n# This output is used by Xcode 'outputs' to avoid re-running this script phase.\necho \"SUCCESS\" > \"${SCRIPT_OUTPUT_FILE_0}\"\n";
			showEnvVarsInLog = 0;
		};
		78F097EE751256B6593965A6 /* [CP] Embed Pods Frameworks */ = {
			isa = PBXShellScriptBuildPhase;
			buildActionMask = 2147483647;
			files = (
			);
			inputFileListPaths = (
				"${PODS_ROOT}/Target Support Files/Pods-ImageListView/Pods-ImageListView-frameworks-${CONFIGURATION}-input-files.xcfilelist",
			);
			name = "[CP] Embed Pods Frameworks";
			outputFileListPaths = (
				"${PODS_ROOT}/Target Support Files/Pods-ImageListView/Pods-ImageListView-frameworks-${CONFIGURATION}-output-files.xcfilelist",
			);
			runOnlyForDeploymentPostprocessing = 0;
			shellPath = /bin/sh;
			shellScript = "\"${PODS_ROOT}/Target Support Files/Pods-ImageListView/Pods-ImageListView-frameworks.sh\"\n";
			showEnvVarsInLog = 0;
		};
		BA3628063494B4C7445D0598 /* [CP] Check Pods Manifest.lock */ = {
			isa = PBXShellScriptBuildPhase;
			buildActionMask = 2147483647;
			files = (
			);
			inputFileListPaths = (
			);
			inputPaths = (
				"${PODS_PODFILE_DIR_PATH}/Podfile.lock",
				"${PODS_ROOT}/Manifest.lock",
			);
			name = "[CP] Check Pods Manifest.lock";
			outputFileListPaths = (
			);
			outputPaths = (
				"$(DERIVED_FILE_DIR)/Pods-ImageListView-checkManifestLockResult.txt",
			);
			runOnlyForDeploymentPostprocessing = 0;
			shellPath = /bin/sh;
			shellScript = "diff \"${PODS_PODFILE_DIR_PATH}/Podfile.lock\" \"${PODS_ROOT}/Manifest.lock\" > /dev/null\nif [ $? != 0 ] ; then\n    # print error to STDERR\n    echo \"error: The sandbox is not in sync with the Podfile.lock. Run 'pod install' or update your CocoaPods installation.\" >&2\n    exit 1\nfi\n# This output is used by Xcode 'outputs' to avoid re-running this script phase.\necho \"SUCCESS\" > \"${SCRIPT_OUTPUT_FILE_0}\"\n";
			showEnvVarsInLog = 0;
		};
		C44B5AC527FB178100BF4434 /* ShellScript */ = {
			isa = PBXShellScriptBuildPhase;
			buildActionMask = 2147483647;
			files = (
			);
			inputFileListPaths = (
			);
			inputPaths = (
			);
			outputFileListPaths = (
			);
			outputPaths = (
			);
			runOnlyForDeploymentPostprocessing = 0;
			shellPath = /bin/sh;
			shellScript = "# Type a script or drag a script file from your workspace to insert its path.\n\n";
		};
/* End PBXShellScriptBuildPhase section */

/* Begin PBXSourcesBuildPhase section */
		C4A16A1E27F9BBA3000737AC /* Sources */ = {
			isa = PBXSourcesBuildPhase;
			buildActionMask = 2147483647;
			files = (
				C4A16A5D27F9C369000737AC /* DataModel.swift in Sources */,
				C4A16A6127F9C3B2000737AC /* ImageListViewModel.swift in Sources */,
				C4A16A6527F9C4AC000737AC /* Connectivity.swift in Sources */,
				C4A16A2A27F9BBA3000737AC /* ViewController.swift in Sources */,
				C4E5A95827FC5770001D3E00 /* Common.swift in Sources */,
				C4A16A5B27F9BFB2000737AC /* ImageListCell.swift in Sources */,
				C4A16A2627F9BBA3000737AC /* AppDelegate.swift in Sources */,
				C4A16A6327F9C3C1000737AC /* APIService.swift in Sources */,
				C4A16A5F27F9C3A1000737AC /* Constants.swift in Sources */,
			);
			runOnlyForDeploymentPostprocessing = 0;
		};
		C4A16A3427F9BBA5000737AC /* Sources */ = {
			isa = PBXSourcesBuildPhase;
			buildActionMask = 2147483647;
			files = (
				C4676FA527FDC22F006EC0A7 /* CommonTest.swift in Sources */,
				C4676FA727FDC2EF006EC0A7 /* ImageCellTest.swift in Sources */,
				C4676FA927FDC6FD006EC0A7 /* ImageListViewModelTest.swift in Sources */,
				C46493D127FC50B100CB389A /* APIServiceTest.swift in Sources */,
				C4A16A3D27F9BBA5000737AC /* ViewControllerTests.swift in Sources */,
			);
			runOnlyForDeploymentPostprocessing = 0;
		};
/* End PBXSourcesBuildPhase section */

/* Begin PBXTargetDependency section */
		C4A16A3A27F9BBA5000737AC /* PBXTargetDependency */ = {
			isa = PBXTargetDependency;
			target = C4A16A2127F9BBA3000737AC /* ImageListView */;
			targetProxy = C4A16A3927F9BBA5000737AC /* PBXContainerItemProxy */;
		};
/* End PBXTargetDependency section */

/* Begin PBXVariantGroup section */
		C4A16A2B27F9BBA3000737AC /* Main.storyboard */ = {
			isa = PBXVariantGroup;
			children = (
				C4A16A2C27F9BBA3000737AC /* Base */,
			);
			name = Main.storyboard;
			sourceTree = "<group>";
		};
		C4A16A3027F9BBA4000737AC /* LaunchScreen.storyboard */ = {
			isa = PBXVariantGroup;
			children = (
				C4A16A3127F9BBA4000737AC /* Base */,
			);
			name = LaunchScreen.storyboard;
			sourceTree = "<group>";
		};
/* End PBXVariantGroup section */

/* Begin XCBuildConfiguration section */
		C4A16A4A27F9BBA5000737AC /* Debug */ = {
			isa = XCBuildConfiguration;
			buildSettings = {
				ALWAYS_SEARCH_USER_PATHS = NO;
				CLANG_ANALYZER_NONNULL = YES;
				CLANG_ANALYZER_NUMBER_OBJECT_CONVERSION = YES_AGGRESSIVE;
				CLANG_CXX_LANGUAGE_STANDARD = "gnu++17";
				CLANG_CXX_LIBRARY = "libc++";
				CLANG_ENABLE_MODULES = YES;
				CLANG_ENABLE_OBJC_ARC = YES;
				CLANG_ENABLE_OBJC_WEAK = YES;
				CLANG_WARN_BLOCK_CAPTURE_AUTORELEASING = YES;
				CLANG_WARN_BOOL_CONVERSION = YES;
				CLANG_WARN_COMMA = YES;
				CLANG_WARN_CONSTANT_CONVERSION = YES;
				CLANG_WARN_DEPRECATED_OBJC_IMPLEMENTATIONS = YES;
				CLANG_WARN_DIRECT_OBJC_ISA_USAGE = YES_ERROR;
				CLANG_WARN_DOCUMENTATION_COMMENTS = YES;
				CLANG_WARN_EMPTY_BODY = YES;
				CLANG_WARN_ENUM_CONVERSION = YES;
				CLANG_WARN_INFINITE_RECURSION = YES;
				CLANG_WARN_INT_CONVERSION = YES;
				CLANG_WARN_NON_LITERAL_NULL_CONVERSION = YES;
				CLANG_WARN_OBJC_IMPLICIT_RETAIN_SELF = YES;
				CLANG_WARN_OBJC_LITERAL_CONVERSION = YES;
				CLANG_WARN_OBJC_ROOT_CLASS = YES_ERROR;
				CLANG_WARN_QUOTED_INCLUDE_IN_FRAMEWORK_HEADER = YES;
				CLANG_WARN_RANGE_LOOP_ANALYSIS = YES;
				CLANG_WARN_STRICT_PROTOTYPES = YES;
				CLANG_WARN_SUSPICIOUS_MOVE = YES;
				CLANG_WARN_UNGUARDED_AVAILABILITY = YES_AGGRESSIVE;
				CLANG_WARN_UNREACHABLE_CODE = YES;
				CLANG_WARN__DUPLICATE_METHOD_MATCH = YES;
				COPY_PHASE_STRIP = NO;
				DEBUG_INFORMATION_FORMAT = dwarf;
				ENABLE_STRICT_OBJC_MSGSEND = YES;
				ENABLE_TESTABILITY = YES;
				GCC_C_LANGUAGE_STANDARD = gnu11;
				GCC_DYNAMIC_NO_PIC = NO;
				GCC_NO_COMMON_BLOCKS = YES;
				GCC_OPTIMIZATION_LEVEL = 0;
				GCC_PREPROCESSOR_DEFINITIONS = (
					"DEBUG=1",
					"$(inherited)",
				);
				GCC_WARN_64_TO_32_BIT_CONVERSION = YES;
				GCC_WARN_ABOUT_RETURN_TYPE = YES_ERROR;
				GCC_WARN_UNDECLARED_SELECTOR = YES;
				GCC_WARN_UNINITIALIZED_AUTOS = YES_AGGRESSIVE;
				GCC_WARN_UNUSED_FUNCTION = YES;
				GCC_WARN_UNUSED_VARIABLE = YES;
				IPHONEOS_DEPLOYMENT_TARGET = 15.0;
				MTL_ENABLE_DEBUG_INFO = INCLUDE_SOURCE;
				MTL_FAST_MATH = YES;
				ONLY_ACTIVE_ARCH = YES;
				SDKROOT = iphoneos;
				SWIFT_ACTIVE_COMPILATION_CONDITIONS = DEBUG;
				SWIFT_OPTIMIZATION_LEVEL = "-Onone";
			};
			name = Debug;
		};
		C4A16A4B27F9BBA5000737AC /* Release */ = {
			isa = XCBuildConfiguration;
			buildSettings = {
				ALWAYS_SEARCH_USER_PATHS = NO;
				CLANG_ANALYZER_NONNULL = YES;
				CLANG_ANALYZER_NUMBER_OBJECT_CONVERSION = YES_AGGRESSIVE;
				CLANG_CXX_LANGUAGE_STANDARD = "gnu++17";
				CLANG_CXX_LIBRARY = "libc++";
				CLANG_ENABLE_MODULES = YES;
				CLANG_ENABLE_OBJC_ARC = YES;
				CLANG_ENABLE_OBJC_WEAK = YES;
				CLANG_WARN_BLOCK_CAPTURE_AUTORELEASING = YES;
				CLANG_WARN_BOOL_CONVERSION = YES;
				CLANG_WARN_COMMA = YES;
				CLANG_WARN_CONSTANT_CONVERSION = YES;
				CLANG_WARN_DEPRECATED_OBJC_IMPLEMENTATIONS = YES;
				CLANG_WARN_DIRECT_OBJC_ISA_USAGE = YES_ERROR;
				CLANG_WARN_DOCUMENTATION_COMMENTS = YES;
				CLANG_WARN_EMPTY_BODY = YES;
				CLANG_WARN_ENUM_CONVERSION = YES;
				CLANG_WARN_INFINITE_RECURSION = YES;
				CLANG_WARN_INT_CONVERSION = YES;
				CLANG_WARN_NON_LITERAL_NULL_CONVERSION = YES;
				CLANG_WARN_OBJC_IMPLICIT_RETAIN_SELF = YES;
				CLANG_WARN_OBJC_LITERAL_CONVERSION = YES;
				CLANG_WARN_OBJC_ROOT_CLASS = YES_ERROR;
				CLANG_WARN_QUOTED_INCLUDE_IN_FRAMEWORK_HEADER = YES;
				CLANG_WARN_RANGE_LOOP_ANALYSIS = YES;
				CLANG_WARN_STRICT_PROTOTYPES = YES;
				CLANG_WARN_SUSPICIOUS_MOVE = YES;
				CLANG_WARN_UNGUARDED_AVAILABILITY = YES_AGGRESSIVE;
				CLANG_WARN_UNREACHABLE_CODE = YES;
				CLANG_WARN__DUPLICATE_METHOD_MATCH = YES;
				COPY_PHASE_STRIP = NO;
				DEBUG_INFORMATION_FORMAT = "dwarf-with-dsym";
				ENABLE_NS_ASSERTIONS = NO;
				ENABLE_STRICT_OBJC_MSGSEND = YES;
				GCC_C_LANGUAGE_STANDARD = gnu11;
				GCC_NO_COMMON_BLOCKS = YES;
				GCC_WARN_64_TO_32_BIT_CONVERSION = YES;
				GCC_WARN_ABOUT_RETURN_TYPE = YES_ERROR;
				GCC_WARN_UNDECLARED_SELECTOR = YES;
				GCC_WARN_UNINITIALIZED_AUTOS = YES_AGGRESSIVE;
				GCC_WARN_UNUSED_FUNCTION = YES;
				GCC_WARN_UNUSED_VARIABLE = YES;
				IPHONEOS_DEPLOYMENT_TARGET = 15.0;
				MTL_ENABLE_DEBUG_INFO = NO;
				MTL_FAST_MATH = YES;
				SDKROOT = iphoneos;
				SWIFT_COMPILATION_MODE = wholemodule;
				SWIFT_OPTIMIZATION_LEVEL = "-O";
				VALIDATE_PRODUCT = YES;
			};
			name = Release;
		};
		C4A16A4D27F9BBA5000737AC /* Debug */ = {
			isa = XCBuildConfiguration;
			baseConfigurationReference = E057F4A3EB8C2A64BD1EFA91 /* Pods-ImageListView.debug.xcconfig */;
			buildSettings = {
				ASSETCATALOG_COMPILER_APPICON_NAME = AppIcon;
				ASSETCATALOG_COMPILER_GLOBAL_ACCENT_COLOR_NAME = AccentColor;
				CODE_SIGN_STYLE = Automatic;
				CURRENT_PROJECT_VERSION = 1;
				GENERATE_INFOPLIST_FILE = YES;
				INFOPLIST_FILE = ImageListView/Info.plist;
				INFOPLIST_KEY_UIApplicationSupportsIndirectInputEvents = YES;
				INFOPLIST_KEY_UILaunchStoryboardName = LaunchScreen;
				INFOPLIST_KEY_UIMainStoryboardFile = Main;
				INFOPLIST_KEY_UISupportedInterfaceOrientations_iPad = "UIInterfaceOrientationPortrait UIInterfaceOrientationPortraitUpsideDown UIInterfaceOrientationLandscapeLeft UIInterfaceOrientationLandscapeRight";
				INFOPLIST_KEY_UISupportedInterfaceOrientations_iPhone = "UIInterfaceOrientationPortrait UIInterfaceOrientationLandscapeLeft UIInterfaceOrientationLandscapeRight";
				LD_RUNPATH_SEARCH_PATHS = (
					"$(inherited)",
					"@executable_path/Frameworks",
				);
				MARKETING_VERSION = 1.0;
				PRODUCT_BUNDLE_IDENTIFIER = com.pravin.ImageListView;
				PRODUCT_NAME = "$(TARGET_NAME)";
				SWIFT_EMIT_LOC_STRINGS = YES;
				SWIFT_VERSION = 5.0;
				TARGETED_DEVICE_FAMILY = "1,2";
			};
			name = Debug;
		};
		C4A16A4E27F9BBA5000737AC /* Release */ = {
			isa = XCBuildConfiguration;
			baseConfigurationReference = 54D36E5571E5141ECB712F9A /* Pods-ImageListView.release.xcconfig */;
			buildSettings = {
				ASSETCATALOG_COMPILER_APPICON_NAME = AppIcon;
				ASSETCATALOG_COMPILER_GLOBAL_ACCENT_COLOR_NAME = AccentColor;
				CODE_SIGN_STYLE = Automatic;
				CURRENT_PROJECT_VERSION = 1;
				GENERATE_INFOPLIST_FILE = YES;
				INFOPLIST_FILE = ImageListView/Info.plist;
				INFOPLIST_KEY_UIApplicationSupportsIndirectInputEvents = YES;
				INFOPLIST_KEY_UILaunchStoryboardName = LaunchScreen;
				INFOPLIST_KEY_UIMainStoryboardFile = Main;
				INFOPLIST_KEY_UISupportedInterfaceOrientations_iPad = "UIInterfaceOrientationPortrait UIInterfaceOrientationPortraitUpsideDown UIInterfaceOrientationLandscapeLeft UIInterfaceOrientationLandscapeRight";
				INFOPLIST_KEY_UISupportedInterfaceOrientations_iPhone = "UIInterfaceOrientationPortrait UIInterfaceOrientationLandscapeLeft UIInterfaceOrientationLandscapeRight";
				LD_RUNPATH_SEARCH_PATHS = (
					"$(inherited)",
					"@executable_path/Frameworks",
				);
				MARKETING_VERSION = 1.0;
				PRODUCT_BUNDLE_IDENTIFIER = com.pravin.ImageListView;
				PRODUCT_NAME = "$(TARGET_NAME)";
				SWIFT_EMIT_LOC_STRINGS = YES;
				SWIFT_VERSION = 5.0;
				TARGETED_DEVICE_FAMILY = "1,2";
			};
			name = Release;
		};
		C4A16A5027F9BBA5000737AC /* Debug */ = {
			isa = XCBuildConfiguration;
			baseConfigurationReference = EF60E3E8E54CE7524D55294E /* Pods-ImageListViewTests.debug.xcconfig */;
			buildSettings = {
				ALWAYS_EMBED_SWIFT_STANDARD_LIBRARIES = YES;
				BUNDLE_LOADER = "$(TEST_HOST)";
				CODE_SIGN_STYLE = Automatic;
				CURRENT_PROJECT_VERSION = 1;
				GENERATE_INFOPLIST_FILE = YES;
				IPHONEOS_DEPLOYMENT_TARGET = 15.0;
				LD_RUNPATH_SEARCH_PATHS = (
					"$(inherited)",
					"@executable_path/Frameworks",
					"@loader_path/Frameworks",
				);
				MARKETING_VERSION = 1.0;
				PRODUCT_BUNDLE_IDENTIFIER = com.pravin.ImageListViewTests;
				PRODUCT_NAME = "$(TARGET_NAME)";
				SWIFT_EMIT_LOC_STRINGS = NO;
				SWIFT_VERSION = 5.0;
				TARGETED_DEVICE_FAMILY = "1,2";
				TEST_HOST = "$(BUILT_PRODUCTS_DIR)/ImageListView.app/ImageListView";
			};
			name = Debug;
		};
		C4A16A5127F9BBA5000737AC /* Release */ = {
			isa = XCBuildConfiguration;
			baseConfigurationReference = 13555B71E9F86DC922F66A39 /* Pods-ImageListViewTests.release.xcconfig */;
			buildSettings = {
				ALWAYS_EMBED_SWIFT_STANDARD_LIBRARIES = YES;
				BUNDLE_LOADER = "$(TEST_HOST)";
				CODE_SIGN_STYLE = Automatic;
				CURRENT_PROJECT_VERSION = 1;
				GENERATE_INFOPLIST_FILE = YES;
				IPHONEOS_DEPLOYMENT_TARGET = 15.0;
				LD_RUNPATH_SEARCH_PATHS = (
					"$(inherited)",
					"@executable_path/Frameworks",
					"@loader_path/Frameworks",
				);
				MARKETING_VERSION = 1.0;
				PRODUCT_BUNDLE_IDENTIFIER = com.pravin.ImageListViewTests;
				PRODUCT_NAME = "$(TARGET_NAME)";
				SWIFT_EMIT_LOC_STRINGS = NO;
				SWIFT_VERSION = 5.0;
				TARGETED_DEVICE_FAMILY = "1,2";
				TEST_HOST = "$(BUILT_PRODUCTS_DIR)/ImageListView.app/ImageListView";
			};
			name = Release;
		};
/* End XCBuildConfiguration section */

/* Begin XCConfigurationList section */
		C4A16A1D27F9BBA3000737AC /* Build configuration list for PBXProject "ImageListView" */ = {
			isa = XCConfigurationList;
			buildConfigurations = (
				C4A16A4A27F9BBA5000737AC /* Debug */,
				C4A16A4B27F9BBA5000737AC /* Release */,
			);
			defaultConfigurationIsVisible = 0;
			defaultConfigurationName = Release;
		};
		C4A16A4C27F9BBA5000737AC /* Build configuration list for PBXNativeTarget "ImageListView" */ = {
			isa = XCConfigurationList;
			buildConfigurations = (
				C4A16A4D27F9BBA5000737AC /* Debug */,
				C4A16A4E27F9BBA5000737AC /* Release */,
			);
			defaultConfigurationIsVisible = 0;
			defaultConfigurationName = Release;
		};
		C4A16A4F27F9BBA5000737AC /* Build configuration list for PBXNativeTarget "ImageListViewTests" */ = {
			isa = XCConfigurationList;
			buildConfigurations = (
				C4A16A5027F9BBA5000737AC /* Debug */,
				C4A16A5127F9BBA5000737AC /* Release */,
			);
			defaultConfigurationIsVisible = 0;
			defaultConfigurationName = Release;
		};
/* End XCConfigurationList section */
	};
	rootObject = C4A16A1A27F9BBA3000737AC /* Project object */;
}
